// !$*UTF8*$!
{
	archiveVersion = 1;
	classes = {
	};
	objectVersion = 56;
	objects = {

/* Begin PBXBuildFile section */
		D5A100000000000000000014 /* MessagesViewController.swift in Sources */ = {isa = PBXBuildFile; fileRef = D5A100000000000000000008 /* MessagesViewController.swift */; };
		D5A100000000000000000015 /* Assets.xcassets in Resources */ = {isa = PBXBuildFile; fileRef = D5A10000000000000000000B /* Assets.xcassets */; };
		D5A100000000000000000016 /* Assets.xcassets in Resources */ = {isa = PBXBuildFile; fileRef = D5A10000000000000000000A /* Assets.xcassets */; };
		D5A100000000000000000017 /* MessagesExtension.appex in Embed App Extensions */ = {isa = PBXBuildFile; fileRef = D5A100000000000000000007 /* MessagesExtension.appex */; settings = {ATTRIBUTES = (RemoveHeadersOnCopy, ); }; };
/* End PBXBuildFile section */

/* Begin PBXContainerItemProxy section */
		D5A100000000000000000018 /* PBXContainerItemProxy */ = {
			isa = PBXContainerItemProxy;
			containerPortal = D5A100000000000000000001 /* Project object */;
			proxyType = 1;
			remoteGlobalIDString = D5A100000000000000000005;
			remoteInfo = MessagesExtension;
		};
/* End PBXContainerItemProxy section */

/* Begin PBXCopyFilesBuildPhase section */
		D5A100000000000000000013 /* Embed App Extensions */ = {
			isa = PBXCopyFilesBuildPhase;
			buildActionMask = 2147483647;
			dstPath = "";
			dstSubfolderSpec = 13;
			files = (
				D5A100000000000000000017 /* MessagesExtension.appex in Embed App Extensions */,
			);
			name = "Embed App Extensions";
			runOnlyForDeploymentPostprocessing = 0;
		};
/* End PBXCopyFilesBuildPhase section */

/* Begin PBXFileReference section */
		D5A100000000000000000006 /* Daily5.app */ = {isa = PBXFileReference; explicitFileType = wrapper.application; includeInIndex = 0; path = Daily5.app; sourceTree = BUILT_PRODUCTS_DIR; };
		D5A100000000000000000007 /* MessagesExtension.appex */ = {isa = PBXFileReference; explicitFileType = "wrapper.app-extension"; includeInIndex = 0; path = MessagesExtension.appex; sourceTree = BUILT_PRODUCTS_DIR; };
		D5A100000000000000000008 /* MessagesViewController.swift */ = {isa = PBXFileReference; lastKnownFileType = sourcecode.swift; path = MessagesViewController.swift; sourceTree = "<group>"; };
		D5A100000000000000000009 /* Info.plist */ = {isa = PBXFileReference; lastKnownFileType = text.plist.xml; path = Info.plist; sourceTree = "<group>"; };
		D5A10000000000000000000A /* Assets.xcassets */ = {isa = PBXFileReference; lastKnownFileType = folder.assetcatalog; path = Assets.xcassets; sourceTree = "<group>"; };
		D5A10000000000000000000B /* Assets.xcassets */ = {isa = PBXFileReference; lastKnownFileType = folder.assetcatalog; path = Assets.xcassets; sourceTree = "<group>"; };
/* End PBXFileReference section */

/* Begin PBXFrameworksBuildPhase section */
		D5A100000000000000000011 /* Frameworks */ = {
			isa = PBXFrameworksBuildPhase;
			buildActionMask = 2147483647;
			files = (
			);
			runOnlyForDeploymentPostprocessing = 0;
		};
		D5A100000000000000000012 /* Frameworks */ = {
			isa = PBXFrameworksBuildPhase;
			buildActionMask = 2147483647;
			files = (
			);
			runOnlyForDeploymentPostprocessing = 0;
		};
/* End PBXFrameworksBuildPhase section */

/* Begin PBXGroup section */
		D5A100000000000000000002 = {
			isa = PBXGroup;
			children = (
				D5A10000000000000000000C /* Daily5 */,
				D5A10000000000000000000D /* MessagesExtension */,
				D5A100000000000000000003 /* Products */,
			);
			sourceTree = "<group>";
		};
		D5A100000000000000000003 /* Products */ = {
			isa = PBXGroup;
			children = (
				D5A100000000000000000006 /* Daily5.app */,
				D5A100000000000000000007 /* MessagesExtension.appex */,
			);
			name = Products;
			sourceTree = "<group>";
		};
		D5A10000000000000000000C /* Daily5 */ = {
			isa = PBXGroup;
			children = (
				D5A10000000000000000000A /* Assets.xcassets */,
			);
			path = Daily5;
			sourceTree = "<group>";
		};
		D5A10000000000000000000D /* MessagesExtension */ = {
			isa = PBXGroup;
			children = (
				D5A100000000000000000008 /* MessagesViewController.swift */,
				D5A100000000000000000009 /* Info.plist */,
				D5A10000000000000000000B /* Assets.xcassets */,
			);
			path = MessagesExtension;
			sourceTree = "<group>";
		};
/* End PBXGroup section */

/* Begin PBXNativeTarget section */
		D5A100000000000000000004 /* Daily5 */ = {
			isa = PBXNativeTarget;
			buildConfigurationList = D5A10000000000000000001B /* Build configuration list for PBXNativeTarget "Daily5" */;
			buildPhases = (
				D5A100000000000000000010 /* Resources */,
				D5A100000000000000000012 /* Frameworks */,
				D5A100000000000000000013 /* Embed App Extensions */,
			);
			buildRules = (
			);
			dependencies = (
				D5A100000000000000000019 /* PBXTargetDependency */,
			);
			name = Daily5;
			productName = Daily5;
			productReference = D5A100000000000000000006 /* Daily5.app */;
			productType = "com.apple.product-type.application.messages";
		};
		D5A100000000000000000005 /* MessagesExtension */ = {
			isa = PBXNativeTarget;
			buildConfigurationList = D5A10000000000000000001C /* Build configuration list for PBXNativeTarget "MessagesExtension" */;
			buildPhases = (
				D5A10000000000000000000E /* Sources */,
				D5A100000000000000000011 /* Frameworks */,
				D5A10000000000000000000F /* Resources */,
			);
			buildRules = (
			);
			dependencies = (
			);
			name = MessagesExtension;
			productName = MessagesExtension;
			productReference = D5A100000000000000000007 /* MessagesExtension.appex */;
			productType = "com.apple.product-type.app-extension.messages";
		};
/* End PBXNativeTarget section */

/* Begin PBXProject section */
		D5A100000000000000000001 /* Project object */ = {
			isa = PBXProject;
			attributes = {
				BuildIndependentTargetsInParallel = 1;
				LastUpgradeCheck = 1500;
				TargetAttributes = {
					D5A100000000000000000004 = {
						CreatedOnToolsVersion = 15.0;
					};
					D5A100000000000000000005 = {
						CreatedOnToolsVersion = 15.0;
					};
				};
			};
			buildConfigurationList = D5A10000000000000000001A /* Build configuration list for PBXProject "Daily5" */;
			compatibilityVersion = "Xcode 14.0";
			developmentRegion = en;
			hasScannedForEncodings = 0;
			knownRegions = (
				en,
				Base,
			);
			mainGroup = D5A100000000000000000002;
			productRefGroup = D5A100000000000000000003 /* Products */;
			projectDirPath = "";
			projectRoot = "";
			targets = (
				D5A100000000000000000004 /* Daily5 */,
				D5A100000000000000000005 /* MessagesExtension */,
			);
		};
/* End PBXProject section */

/* Begin PBXResourcesBuildPhase section */
		D5A10000000000000000000F /* Resources */ = {
			isa = PBXResourcesBuildPhase;
			buildActionMask = 2147483647;
			files = (
				D5A100000000000000000015 /* Assets.xcassets in Resources */,
			);
			runOnlyForDeploymentPostprocessing = 0;
		};
		D5A100000000000000000010 /* Resources */ = {
			isa = PBXResourcesBuildPhase;
			buildActionMask = 2147483647;
			files = (
				D5A100000000000000000016 /* Assets.xcassets in Resources */,
			);
			runOnlyForDeploymentPostprocessing = 0;
		};
/* End PBXResourcesBuildPhase section */

/* Begin PBXSourcesBuildPhase section */
		D5A10000000000000000000E /* Sources */ = {
			isa = PBXSourcesBuildPhase;
			buildActionMask = 2147483647;
			files = (
				D5A100000000000000000014 /* MessagesViewController.swift in Sources */,
			);
			runOnlyForDeploymentPostprocessing = 0;
		};
/* End PBXSourcesBuildPhase section */

/* Begin PBXTargetDependency section */
		D5A100000000000000000019 /* PBXTargetDependency */ = {
			isa = PBXTargetDependency;
			target = D5A100000000000000000005 /* MessagesExtension */;
			targetProxy = D5A100000000000000000018 /* PBXContainerItemProxy */;
		};
/* End PBXTargetDependency section */

/* Begin XCBuildConfiguration section */
		D5A10000000000000000001D /* Debug */ = {
			isa = XCBuildConfiguration;
			buildSettings = {
				ALWAYS_SEARCH_USER_PATHS = NO;
				CLANG_ANALYZER_NONNULL = YES;
				CLANG_ENABLE_MODULES = YES;
				CLANG_ENABLE_OBJC_ARC = YES;
				COPY_PHASE_STRIP = NO;
				DEBUG_INFORMATION_FORMAT = dwarf;
				ENABLE_STRICT_OBJC_MSGSEND = YES;
				ENABLE_TESTABILITY = YES;
				GCC_C_LANGUAGE_STANDARD = gnu17;
				GCC_DYNAMIC_NO_PIC = NO;
				GCC_NO_COMMON_BLOCKS = YES;
				GCC_OPTIMIZATION_LEVEL = 0;
				GCC_PREPROCESSOR_DEFINITIONS = (
					"DEBUG=1",
					"$(inherited)",
				);
				IPHONEOS_DEPLOYMENT_TARGET = 16.0;
				MTL_ENABLE_DEBUG_INFO = INCLUDE_SOURCE;
				MTL_FAST_MATH = YES;
				ONLY_ACTIVE_ARCH = YES;
				SDKROOT = iphoneos;
				SWIFT_ACTIVE_COMPILATION_CONDITIONS = "DEBUG $(inherited)";
				SWIFT_OPTIMIZATION_LEVEL = "-Onone";
			};
			name = Debug;
		};
		D5A10000000000000000001E /* Release */ = {
			isa = XCBuildConfiguration;
			buildSettings = {
				ALWAYS_SEARCH_USER_PATHS = NO;
				CLANG_ANALYZER_NONNULL = YES;
				CLANG_ENABLE_MODULES = YES;
				CLANG_ENABLE_OBJC_ARC = YES;
				COPY_PHASE_STRIP = NO;
				DEBUG_INFORMATION_FORMAT = "dwarf-with-dsym";
				ENABLE_NS_ASSERTIONS = NO;
				ENABLE_STRICT_OBJC_MSGSEND = YES;
				GCC_C_LANGUAGE_STANDARD = gnu17;
				GCC_NO_COMMON_BLOCKS = YES;
				IPHONEOS_DEPLOYMENT_TARGET = 16.0;
				MTL_ENABLE_DEBUG_INFO = NO;
				MTL_FAST_MATH = YES;
				SDKROOT = iphoneos;
				SWIFT_COMPILATION_MODE = wholemodule;
				SWIFT_OPTIMIZATION_LEVEL = "-O";
				VALIDATE_PRODUCT = YES;
			};
			name = Release;
		};
		D5A10000000000000000001F /* Debug */ = {
			isa = XCBuildConfiguration;
			buildSettings = {
				ASSETCATALOG_COMPILER_APPICON_NAME = AppIcon;
				CODE_SIGN_STYLE = Automatic;
				CURRENT_PROJECT_VERSION = 1;
				GENERATE_INFOPLIST_FILE = YES;
				INFOPLIST_KEY_CFBundleDisplayName = Daily5;
				MARKETING_VERSION = 1.0;
				PRODUCT_BUNDLE_IDENTIFIER = com.trumooo.Daily5;
				PRODUCT_NAME = "$(TARGET_NAME)";
				SWIFT_VERSION = 5.0;
				TARGETED_DEVICE_FAMILY = "1,2";
			};
			name = Debug;
		};
		D5A100000000000000000020 /* Release */ = {
			isa = XCBuildConfiguration;
			buildSettings = {
				ASSETCATALOG_COMPILER_APPICON_NAME = AppIcon;
				CODE_SIGN_STYLE = Automatic;
				CURRENT_PROJECT_VERSION = 1;
				GENERATE_INFOPLIST_FILE = YES;
				INFOPLIST_KEY_CFBundleDisplayName = Daily5;
				MARKETING_VERSION = 1.0;
				PRODUCT_BUNDLE_IDENTIFIER = com.trumooo.Daily5;
				PRODUCT_NAME = "$(TARGET_NAME)";
				SWIFT_VERSION = 5.0;
				TARGETED_DEVICE_FAMILY = "1,2";
			};
			name = Release;
		};
		D5A100000000000000000021 /* Debug */ = {
			isa = XCBuildConfiguration;
			buildSettings = {
				ASSETCATALOG_COMPILER_APPICON_NAME = "iMessage App Icon";
				CODE_SIGN_STYLE = Automatic;
				CURRENT_PROJECT_VERSION = 1;
				GENERATE_INFOPLIST_FILE = YES;
				INFOPLIST_FILE = MessagesExtension/Info.plist;
				INFOPLIST_KEY_CFBundleDisplayName = Daily5;
				LD_RUNPATH_SEARCH_PATHS = (
					"$(inherited)",
					"@executable_path/Frameworks",
					"@executable_path/../../Frameworks",
				);
				MARKETING_VERSION = 1.0;
				PRODUCT_BUNDLE_IDENTIFIER = com.trumooo.Daily5.MessagesExtension;
				PRODUCT_NAME = "$(TARGET_NAME)";
				SKIP_INSTALL = YES;
				SWIFT_VERSION = 5.0;
				TARGETED_DEVICE_FAMILY = "1,2";
			};
			name = Debug;
		};
		D5A100000000000000000022 /* Release */ = {
			isa = XCBuildConfiguration;
			buildSettings = {
				ASSETCATALOG_COMPILER_APPICON_NAME = "iMessage App Icon";
				CODE_SIGN_STYLE = Automatic;
				CURRENT_PROJECT_VERSION = 1;
				GENERATE_INFOPLIST_FILE = YES;
				INFOPLIST_FILE = MessagesExtension/Info.plist;
				INFOPLIST_KEY_CFBundleDisplayName = Daily5;
				LD_RUNPATH_SEARCH_PATHS = (
					"$(inherited)",
					"@executable_path/Frameworks",
					"@executable_path/../../Frameworks",
				);
				MARKETING_VERSION = 1.0;
				PRODUCT_BUNDLE_IDENTIFIER = com.trumooo.Daily5.MessagesExtension;
				PRODUCT_NAME = "$(TARGET_NAME)";
				SKIP_INSTALL = YES;
				SWIFT_VERSION = 5.0;
				TARGETED_DEVICE_FAMILY = "1,2";
			};
			name = Release;
		};
/* End XCBuildConfiguration section */

/* Begin XCConfigurationList section */
		D5A10000000000000000001A /* Build configuration list for PBXProject "Daily5" */ = {
			isa = XCConfigurationList;
			buildConfigurations = (
				D5A10000000000000000001D /* Debug */,
				D5A10000000000000000001E /* Release */,
			);
			defaultConfigurationIsVisible = 0;
			defaultConfigurationName = Release;
		};
		D5A10000000000000000001B /* Build configuration list for PBXNativeTarget "Daily5" */ = {
			isa = XCConfigurationList;
			buildConfigurations = (
				D5A10000000000000000001F /* Debug */,
				D5A100000000000000000020 /* Release */,
			);
			defaultConfigurationIsVisible = 0;
			defaultConfigurationName = Release;
		};
		D5A10000000000000000001C /* Build configuration list for PBXNativeTarget "MessagesExtension" */ = {
			isa = XCConfigurationList;
			buildConfigurations = (
				D5A100000000000000000021 /* Debug */,
				D5A100000000000000000022 /* Release */,
			);
			defaultConfigurationIsVisible = 0;
			defaultConfigurationName = Release;
		};
/* End XCConfigurationList section */
	};
	rootObject = D5A100000000000000000001 /* Project object */;
}
